# This file is @generated by PDM.
# It is not intended for manual editing.

[metadata]
groups = ["default"]
strategy = ["inherit_metadata"]
lock_version = "4.5.0"
content_hash = "sha256:4a660f3d5f24a9a765fb20bdd164af88e13cb03bf8cc60013d6dd5b7cd4c10ab"

[[metadata.targets]]
requires_python = "==3.13.*"

[[package]]
name = "clsx"
version = "0.1.1"
requires_python = ">=3.10"
summary = "Easily define conditional class attributes for HTML elements."
groups = ["default"]
files = [
    {file = "clsx-0.1.1-py3-none-any.whl", hash = "sha256:41582770291757618c86556d9652376d4c7c02db70b5ae0d2ecb330947845f4e"},
    {file = "clsx-0.1.1.tar.gz", hash = "sha256:99f987d5034c20565d10fec98e8c24d8fca9790ac43e56dea01102bb7f062569"},
]

[[package]]
name = "tailwind-merge"
version = "0.3.3"
requires_python = "<4.0,>=3.8"
summary = "Merge Tailwind CSS classes without conflicts in python."
groups = ["default"]
files = [
    {file = "tailwind_merge-0.3.3-py3-none-any.whl", hash = "sha256:7e913e108040ae4b5bb906b90556c115a644f8ba6c0b78d8fcc86800125eb0ed"},
    {file = "tailwind_merge-0.3.3.tar.gz", hash = "sha256:be19cde831cedafed24078f28f7014224398449fab436a651fd39e96a723a9c8"},
]
